
Microsoft Visual Studio Solution File, Format Version 12.00
# Visual Studio Version 17
VisualStudioVersion = 17.8.34511.84
MinimumVisualStudioVersion = 10.0.40219.1
Project("{9A19103F-16F7-4668-BE54-9A1E7A4F7556}") = "Shop", "Shop\Shop.csproj", "{07BC1D34-FA74-4265-9536-79144F4D80E5}"
EndProject
Global
	GlobalSection(SolutionConfigurationPlatforms) = preSolution
		Debug|Any CPU = Debug|Any CPU
		Release|Any CPU = Release|Any CPU
	EndGlobalSection
	GlobalSection(ProjectConfigurationPlatforms) = postSolution
		{07BC1D34-FA74-4265-9536-79144F4D80E5}.Debug|Any CPU.ActiveCfg = Debug|Any CPU
		{07BC1D34-FA74-4265-9536-79144F4D80E5}.Debug|Any CPU.Build.0 = Debug|Any CPU
		{07BC1D34-FA74-4265-9536-79144F4D80E5}.Release|Any CPU.ActiveCfg = Release|Any CPU
		{07BC1D34-FA74-4265-9536-79144F4D80E5}.Release|Any CPU.Build.0 = Release|Any CPU
	EndGlobalSection
	GlobalSection(SolutionProperties) = preSolution
		HideSolutionNode = FALSE
	EndGlobalSection
	GlobalSection(ExtensibilityGlobals) = postSolution
		SolutionGuid = {C1DF6483-8E88-4E35-A519-CF1A7E4D8177}
	EndGlobalSection
EndGlobal
